
Microsoft Visual Studio Solution File, Format Version 12.00
# Visual Studio Version 17
VisualStudioVersion = 17.9.34607.119
MinimumVisualStudioVersion = 10.0.40219.1
Project("{FAE04EC0-301F-11D3-BF4B-00C04F79EFBC}") = "JuegoGato", "JuegoGato\JuegoGato.csproj", "{BEF3D122-F621-4DD3-B568-8419A388D4AD}"
EndProject
Global
	GlobalSection(SolutionConfigurationPlatforms) = preSolution
		Debug|Any CPU = Debug|Any CPU
		Release|Any CPU = Release|Any CPU
	EndGlobalSection
	GlobalSection(ProjectConfigurationPlatforms) = postSolution
		{BEF3D122-F621-4DD3-B568-8419A388D4AD}.Debug|Any CPU.ActiveCfg = Debug|Any CPU
		{BEF3D122-F621-4DD3-B568-8419A388D4AD}.Debug|Any CPU.Build.0 = Debug|Any CPU
		{BEF3D122-F621-4DD3-B568-8419A388D4AD}.Release|Any CPU.ActiveCfg = Release|Any CPU
		{BEF3D122-F621-4DD3-B568-8419A388D4AD}.Release|Any CPU.Build.0 = Release|Any CPU
	EndGlobalSection
	GlobalSection(SolutionProperties) = preSolution
		HideSolutionNode = FALSE
	EndGlobalSection
	GlobalSection(ExtensibilityGlobals) = postSolution
		SolutionGuid = {D620650D-73FB-4CF9-9C8A-17B152B49AB9}
	EndGlobalSection
EndGlobal
